
Microsoft Visual Studio Solution File, Format Version 12.00
# Visual Studio 15
VisualStudioVersion = 15.0.26228.4
MinimumVisualStudioVersion = 10.0.40219.1
Project("{2150E333-8FDC-42A3-9474-1A3956D46DE8}") = "src", "src", "{4B35CEE1-9949-4BC5-BB52-9B5DD484ACE3}"
EndProject
Project("{2150E333-8FDC-42A3-9474-1A3956D46DE8}") = "Solution Items", "Solution Items", "{8133C023-7FA4-4D62-B51F-5D63DB523F48}"
EndProject
Project("{9A19103F-16F7-4668-BE54-9A1E7A4F7556}") = "AprioriAlgorithm", "src\AprioriAlgorithm\AprioriAlgorithm.csproj", "{27A548D1-2ACD-4355-8A87-53EA2E75E775}"
EndProject
Global
	GlobalSection(SolutionConfigurationPlatforms) = preSolution
		Debug|Any CPU = Debug|Any CPU
		Release|Any CPU = Release|Any CPU
	EndGlobalSection
	GlobalSection(ProjectConfigurationPlatforms) = postSolution
		{27A548D1-2ACD-4355-8A87-53EA2E75E775}.Debug|Any CPU.ActiveCfg = Debug|Any CPU
		{27A548D1-2ACD-4355-8A87-53EA2E75E775}.Debug|Any CPU.Build.0 = Debug|Any CPU
		{27A548D1-2ACD-4355-8A87-53EA2E75E775}.Release|Any CPU.ActiveCfg = Release|Any CPU
		{27A548D1-2ACD-4355-8A87-53EA2E75E775}.Release|Any CPU.Build.0 = Release|Any CPU
	EndGlobalSection
	GlobalSection(SolutionProperties) = preSolution
		HideSolutionNode = FALSE
	EndGlobalSection
	GlobalSection(NestedProjects) = preSolution
		{27A548D1-2ACD-4355-8A87-53EA2E75E775} = {4B35CEE1-9949-4BC5-BB52-9B5DD484ACE3}
	EndGlobalSection
EndGlobal
